{
  "nodes": {
    "crane": {
      "locked": {
        "lastModified": 1781825982,
        "narHash": "sha256-SlXKwIRIhrOSAcTjCB3ftPLzJWZStQIPS7J1FlZPnKk=",
        "owner": "ipetkov",
        "repo": "crane",
        "rev": "469fd08d0bcf6926321fa973c6777fbc87785dd7",
        "type": "github"
      },
      "original": {
        "owner": "ipetkov",
        "repo": "crane",
        "type": "github"
      }
    },
    "crane_2": {
      "locked": {
        "lastModified": 1781825982,
        "narHash": "sha256-SlXKwIRIhrOSAcTjCB3ftPLzJWZStQIPS7J1FlZPnKk=",
        "owner": "ipetkov",
        "repo": "crane",
        "rev": "469fd08d0bcf6926321fa973c6777fbc87785dd7",
        "type": "github"
      },
      "original": {
        "owner": "ipetkov",
        "repo": "crane",
        "type": "github"
      }
    },
    "crane_3": {
      "locked": {
        "lastModified": 1772080396,
        "narHash": "sha256-84W9UNtSk9DNMh43WBkOjpkbfODlmg+RDi854PnNgLE=",
        "owner": "ipetkov",
        "repo": "crane",
        "rev": "8525580bc0316c39dbfa18bd09a1331e98c9e463",
        "type": "github"
      },
      "original": {
        "owner": "ipetkov",
        "repo": "crane",
        "type": "github"
      }
    },
    "flake-utils": {
      "inputs": {
        "systems": "systems"
      },
      "locked": {
        "lastModified": 1731533236,
        "narHash": "sha256-l0KFg5HjrsfsO/JpG+r7fRrqm12kzFHyUHqHCVpMMbI=",
        "owner": "numtide",
        "repo": "flake-utils",
        "rev": "11707dc2f618dd54ca8739b309ec4fc024de578b",
        "type": "github"
      },
      "original": {
        "owner": "numtide",
        "repo": "flake-utils",
        "type": "github"
      }
    },
    "flake-utils_2": {
      "inputs": {
        "systems": "systems_2"
      },
      "locked": {
        "lastModified": 1731533236,
        "narHash": "sha256-l0KFg5HjrsfsO/JpG+r7fRrqm12kzFHyUHqHCVpMMbI=",
        "owner": "numtide",
        "repo": "flake-utils",
        "rev": "11707dc2f618dd54ca8739b309ec4fc024de578b",
        "type": "github"
      },
      "original": {
        "owner": "numtide",
        "repo": "flake-utils",
        "type": "github"
      }
    },
    "flake-utils_3": {
      "inputs": {
        "systems": "systems_3"
      },
      "locked": {
        "lastModified": 1731533236,
        "narHash": "sha256-l0KFg5HjrsfsO/JpG+r7fRrqm12kzFHyUHqHCVpMMbI=",
        "owner": "numtide",
        "repo": "flake-utils",
        "rev": "11707dc2f618dd54ca8739b309ec4fc024de578b",
        "type": "github"
      },
      "original": {
        "owner": "numtide",
        "repo": "flake-utils",
        "type": "github"
      }
    },
    "meta-harbor": {
      "inputs": {
        "flake-utils": [
          "nix-pklx",
          "rs-harbor",
          "flake-utils"
        ],
        "nixpkgs": [
          "nix-pklx",
          "rs-harbor",
          "nixpkgs"
        ]
      },
      "locked": {
        "lastModified": 1783029608,
        "narHash": "sha256-ThzqhX3rAbJBL1Ggk1PCFD1UEd4PQpddvcVVBunKOLE=",
        "ref": "trunk",
        "rev": "ffbf7e84570174dcb4aefef851d79cb3730fc68c",
        "revCount": 1,
        "type": "git",
        "url": "https://codeberg.org/caniko/meta-harbor.git"
      },
      "original": {
        "ref": "trunk",
        "type": "git",
        "url": "https://codeberg.org/caniko/meta-harbor.git"
      }
    },
    "nix-pklx": {
      "inputs": {
        "crane": [
          "crane"
        ],
        "flake-utils": [
          "flake-utils"
        ],
        "nixpkgs": [
          "nixpkgs"
        ],
        "plinth": "plinth",
        "rs-harbor": "rs-harbor",
        "rust-overlay": [
          "rust-overlay"
        ]
      },
      "locked": {
        "dirtyRev": "f58136064f8ebbc166accf0950f4f36fe7d8886b-dirty",
        "dirtyShortRev": "f581360-dirty",
        "lastModified": 1782711327,
        "narHash": "sha256-IQ3X670Nfd69O6Kf71Qwu6I9lW3u09Jg1UCftC7GCLg=",
        "type": "git",
        "url": "file:///data/nvme0/can/Projects/nix-pklx"
      },
      "original": {
        "type": "git",
        "url": "https://codeberg.org/caniko/nix-pklx.git"
      }
    },
    "nixpkgs": {
      "locked": {
        "lastModified": 1781607440,
        "narHash": "sha256-rxO+uc/KFbSJp+pgyXRuAX6QlG9hJdnt0BXpEQRXY+U=",
        "owner": "NixOS",
        "repo": "nixpkgs",
        "rev": "3e41b24abd260e8f71dbe2f5737d24122f972158",
        "type": "github"
      },
      "original": {
        "owner": "NixOS",
        "ref": "nixpkgs-unstable",
        "repo": "nixpkgs",
        "type": "github"
      }
    },
    "osxcross": {
      "inputs": {
        "flake-utils": "flake-utils_3",
        "nixpkgs": [
          "nix-pklx",
          "rs-harbor",
          "nixpkgs"
        ]
      },
      "locked": {
        "lastModified": 1780425807,
        "narHash": "sha256-vPrpqec/uHpOu0u4P+XdL70MWaHyn4zh8IfpCmp1yIs=",
        "owner": "caniko",
        "repo": "osxcross",
        "rev": "246fc035534167fadba187a602bc4a40990974dc",
        "type": "github"
      },
      "original": {
        "owner": "caniko",
        "ref": "flake",
        "repo": "osxcross",
        "type": "github"
      }
    },
    "plinth": {
      "inputs": {
        "crane": "crane_2",
        "flake-utils": "flake-utils_2",
        "nixpkgs": [
          "nix-pklx",
          "nixpkgs"
        ],
        "rust-overlay": "rust-overlay"
      },
      "locked": {
        "lastModified": 1782557969,
        "narHash": "sha256-Hmp3x+SbyvWxATAqGNpJTwk94T5Kxf4z8xuqeX/Tib0=",
        "ref": "refs/heads/trunk",
        "rev": "316b96c0b6628ddb42b4bce80010cc6978508dce",
        "revCount": 80,
        "type": "git",
        "url": "https://codeberg.org/caniko/plinth.git"
      },
      "original": {
        "type": "git",
        "url": "https://codeberg.org/caniko/plinth.git"
      }
    },
    "plinth_2": {
      "inputs": {
        "crane": "crane_3",
        "flake-utils": [
          "nix-pklx",
          "rs-harbor",
          "flake-utils"
        ],
        "nixpkgs": [
          "nix-pklx",
          "rs-harbor",
          "nixpkgs"
        ],
        "rust-overlay": "rust-overlay_2"
      },
      "locked": {
        "lastModified": 1781641179,
        "narHash": "sha256-7uhXgUTMAEUKN4Th1tRGDQsF3ByTH8ZGk1+WOumcU3g=",
        "ref": "refs/heads/trunk",
        "rev": "bfa970d7f38f51515e01092cd7f9fde81eef26ae",
        "revCount": 67,
        "type": "git",
        "url": "https://codeberg.org/caniko/plinth.git"
      },
      "original": {
        "ref": "refs/heads/trunk",
        "type": "git",
        "url": "https://codeberg.org/caniko/plinth.git"
      }
    },
    "root": {
      "inputs": {
        "crane": "crane",
        "flake-utils": "flake-utils",
        "nix-pklx": "nix-pklx",
        "nixpkgs": "nixpkgs",
        "rust-overlay": "rust-overlay_3"
      }
    },
    "rs-harbor": {
      "inputs": {
        "crane": [
          "nix-pklx",
          "crane"
        ],
        "flake-utils": [
          "nix-pklx",
          "flake-utils"
        ],
        "meta-harbor": "meta-harbor",
        "nixpkgs": [
          "nix-pklx",
          "nixpkgs"
        ],
        "osxcross": "osxcross",
        "plinth": "plinth_2",
        "rust-overlay": [
          "nix-pklx",
          "rust-overlay"
        ]
      },
      "locked": {
        "lastModified": 1783029677,
        "narHash": "sha256-IctbVpb6ZaJPZyU37KPEAGSmzDnZEOlBdThZ8b3d1Bw=",
        "ref": "trunk",
        "rev": "09e1744328c0bbb34630f3d5cff5f801753311a1",
        "revCount": 98,
        "type": "git",
        "url": "https://codeberg.org/caniko/rs-harbor.git"
      },
      "original": {
        "ref": "trunk",
        "type": "git",
        "url": "https://codeberg.org/caniko/rs-harbor.git"
      }
    },
    "rust-overlay": {
      "inputs": {
        "nixpkgs": [
          "nix-pklx",
          "plinth",
          "nixpkgs"
        ]
      },
      "locked": {
        "lastModified": 1782184651,
        "narHash": "sha256-4XHdXp3MRa++XiGkltJChCtdbCmSlNTwQRfWQOhqbRw=",
        "owner": "oxalica",
        "repo": "rust-overlay",
        "rev": "f59bc28dd0b89e9c0240d1b80195559fc79c2471",
        "type": "github"
      },
      "original": {
        "owner": "oxalica",
        "repo": "rust-overlay",
        "type": "github"
      }
    },
    "rust-overlay_2": {
      "inputs": {
        "nixpkgs": [
          "nix-pklx",
          "rs-harbor",
          "plinth",
          "nixpkgs"
        ]
      },
      "locked": {
        "lastModified": 1772247314,
        "narHash": "sha256-x6IFQ9bL7YYfW2m2z8D3Em2YtAA3HE8kiCFwai2fwrw=",
        "owner": "oxalica",
        "repo": "rust-overlay",
        "rev": "a1ab5e89ab12e1a37c0b264af6386a7472d68a15",
        "type": "github"
      },
      "original": {
        "owner": "oxalica",
        "repo": "rust-overlay",
        "type": "github"
      }
    },
    "rust-overlay_3": {
      "inputs": {
        "nixpkgs": [
          "nixpkgs"
        ]
      },
      "locked": {
        "lastModified": 1782184651,
        "narHash": "sha256-4XHdXp3MRa++XiGkltJChCtdbCmSlNTwQRfWQOhqbRw=",
        "owner": "oxalica",
        "repo": "rust-overlay",
        "rev": "f59bc28dd0b89e9c0240d1b80195559fc79c2471",
        "type": "github"
      },
      "original": {
        "owner": "oxalica",
        "repo": "rust-overlay",
        "type": "github"
      }
    },
    "systems": {
      "locked": {
        "lastModified": 1681028828,
        "narHash": "sha256-Vy1rq5AaRuLzOxct8nz4T6wlgyUR7zLU309k9mBC768=",
        "owner": "nix-systems",
        "repo": "default",
        "rev": "da67096a3b9bf56a91d16901293e51ba5b49a27e",
        "type": "github"
      },
      "original": {
        "owner": "nix-systems",
        "repo": "default",
        "type": "github"
      }
    },
    "systems_2": {
      "locked": {
        "lastModified": 1681028828,
        "narHash": "sha256-Vy1rq5AaRuLzOxct8nz4T6wlgyUR7zLU309k9mBC768=",
        "owner": "nix-systems",
        "repo": "default",
        "rev": "da67096a3b9bf56a91d16901293e51ba5b49a27e",
        "type": "github"
      },
      "original": {
        "owner": "nix-systems",
        "repo": "default",
        "type": "github"
      }
    },
    "systems_3": {
      "locked": {
        "lastModified": 1681028828,
        "narHash": "sha256-Vy1rq5AaRuLzOxct8nz4T6wlgyUR7zLU309k9mBC768=",
        "owner": "nix-systems",
        "repo": "default",
        "rev": "da67096a3b9bf56a91d16901293e51ba5b49a27e",
        "type": "github"
      },
      "original": {
        "owner": "nix-systems",
        "repo": "default",
        "type": "github"
      }
    }
  },
  "root": "root",
  "version": 7
}
